
Microsoft Visual Studio Solution File, Format Version 12.00
# Visual Studio Version 17
VisualStudioVersion = 17.9.34616.47
MinimumVisualStudioVersion = 10.0.40219.1
Project("{FAE04EC0-301F-11D3-BF4B-00C04F79EFBC}") = "WebsiteScreenshot", "WebsiteScreenshot.csproj", "{502D5160-BF7C-4979-8EA4-1D5144098965}"
EndProject
Global
	GlobalSection(SolutionConfigurationPlatforms) = preSolution
		Debug|Any CPU = Debug|Any CPU
		Release|Any CPU = Release|Any CPU
	EndGlobalSection
	GlobalSection(ProjectConfigurationPlatforms) = postSolution
		{502D5160-BF7C-4979-8EA4-1D5144098965}.Debug|Any CPU.ActiveCfg = Debug|Any CPU
		{502D5160-BF7C-4979-8EA4-1D5144098965}.Debug|Any CPU.Build.0 = Debug|Any CPU
		{502D5160-BF7C-4979-8EA4-1D5144098965}.Release|Any CPU.ActiveCfg = Release|Any CPU
		{502D5160-BF7C-4979-8EA4-1D5144098965}.Release|Any CPU.Build.0 = Release|Any CPU
	EndGlobalSection
	GlobalSection(SolutionProperties) = preSolution
		HideSolutionNode = FALSE
	EndGlobalSection
	GlobalSection(ExtensibilityGlobals) = postSolution
		SolutionGuid = {000AFBF5-DFC1-4B84-B9C3-6BD0A3518020}
	EndGlobalSection
EndGlobal
